// !$*UTF8*$!
{
	archiveVersion = 1;
	classes = {
	};
	objectVersion = 48;
	objects = {

/* Begin PBXBuildFile section */
		63741BDF1FACC48F0040AA2A /* AppDelegate.swift in Sources */ = {isa = PBXBuildFile; fileRef = 63741BDE1FACC48F0040AA2A /* AppDelegate.swift */; };
		63741BE11FACC48F0040AA2A /* ViewController.swift in Sources */ = {isa = PBXBuildFile; fileRef = 63741BE01FACC48F0040AA2A /* ViewController.swift */; };
		63741BE41FACC48F0040AA2A /* Main.storyboard in Resources */ = {isa = PBXBuildFile; fileRef = 63741BE21FACC48F0040AA2A /* Main.storyboard */; };
		63741BE61FACC48F0040AA2A /* Assets.xcassets in Resources */ = {isa = PBXBuildFile; fileRef = 63741BE51FACC48F0040AA2A /* Assets.xcassets */; };
		63741BE91FACC48F0040AA2A /* LaunchScreen.storyboard in Resources */ = {isa = PBXBuildFile; fileRef = 63741BE71FACC48F0040AA2A /* LaunchScreen.storyboard */; };
		63741BF41FACC48F0040AA2A /* douyuzbTests.swift in Sources */ = {isa = PBXBuildFile; fileRef = 63741BF31FACC48F0040AA2A /* douyuzbTests.swift */; };
		63741BFF1FACC48F0040AA2A /* douyuzbUITests.swift in Sources */ = {isa = PBXBuildFile; fileRef = 63741BFE1FACC48F0040AA2A /* douyuzbUITests.swift */; };
/* End PBXBuildFile section */

/* Begin PBXContainerItemProxy section */
		63741BF01FACC48F0040AA2A /* PBXContainerItemProxy */ = {
			isa = PBXContainerItemProxy;
			containerPortal = 63741BD31FACC48F0040AA2A /* Project object */;
			proxyType = 1;
			remoteGlobalIDString = 63741BDA1FACC48F0040AA2A;
			remoteInfo = douyuzb;
		};
		63741BFB1FACC48F0040AA2A /* PBXContainerItemProxy */ = {
			isa = PBXContainerItemProxy;
			containerPortal = 63741BD31FACC48F0040AA2A /* Project object */;
			proxyType = 1;
			remoteGlobalIDString = 63741BDA1FACC48F0040AA2A;
			remoteInfo = douyuzb;
		};
/* End PBXContainerItemProxy section */

/* Begin PBXFileReference section */
		63741BDB1FACC48F0040AA2A /* douyuzb.app */ = {isa = PBXFileReference; explicitFileType = wrapper.application; includeInIndex = 0; path = douyuzb.app; sourceTree = BUILT_PRODUCTS_DIR; };
		63741BDE1FACC48F0040AA2A /* AppDelegate.swift */ = {isa = PBXFileReference; lastKnownFileType = sourcecode.swift; path = AppDelegate.swift; sourceTree = "<group>"; };
		63741BE01FACC48F0040AA2A /* ViewController.swift */ = {isa = PBXFileReference; lastKnownFileType = sourcecode.swift; path = ViewController.swift; sourceTree = "<group>"; };
		63741BE31FACC48F0040AA2A /* Base */ = {isa = PBXFileReference; lastKnownFileType = file.storyboard; name = Base; path = Base.lproj/Main.storyboard; sourceTree = "<group>"; };
		63741BE51FACC48F0040AA2A /* Assets.xcassets */ = {isa = PBXFileReference; lastKnownFileType = folder.assetcatalog; path = Assets.xcassets; sourceTree = "<group>"; };
		63741BE81FACC48F0040AA2A /* Base */ = {isa = PBXFileReference; lastKnownFileType = file.storyboard; name = Base; path = Base.lproj/LaunchScreen.storyboard; sourceTree = "<group>"; };
		63741BEA1FACC48F0040AA2A /* Info.plist */ = {isa = PBXFileReference; lastKnownFileType = text.plist.xml; path = Info.plist; sourceTree = "<group>"; };
		63741BEF1FACC48F0040AA2A /* douyuzbTests.xctest */ = {isa = PBXFileReference; explicitFileType = wrapper.cfbundle; includeInIndex = 0; path = douyuzbTests.xctest; sourceTree = BUILT_PRODUCTS_DIR; };
		63741BF31FACC48F0040AA2A /* douyuzbTests.swift */ = {isa = PBXFileReference; lastKnownFileType = sourcecode.swift; path = douyuzbTests.swift; sourceTree = "<group>"; };
		63741BF51FACC48F0040AA2A /* Info.plist */ = {isa = PBXFileReference; lastKnownFileType = text.plist.xml; path = Info.plist; sourceTree = "<group>"; };
		63741BFA1FACC48F0040AA2A /* douyuzbUITests.xctest */ = {isa = PBXFileReference; explicitFileType = wrapper.cfbundle; includeInIndex = 0; path = douyuzbUITests.xctest; sourceTree = BUILT_PRODUCTS_DIR; };
		63741BFE1FACC48F0040AA2A /* douyuzbUITests.swift */ = {isa = PBXFileReference; lastKnownFileType = sourcecode.swift; path = douyuzbUITests.swift; sourceTree = "<group>"; };
		63741C001FACC48F0040AA2A /* Info.plist */ = {isa = PBXFileReference; lastKnownFileType = text.plist.xml; path = Info.plist; sourceTree = "<group>"; };
/* End PBXFileReference section */

/* Begin PBXFrameworksBuildPhase section */
		63741BD81FACC48F0040AA2A /* Frameworks */ = {
			isa = PBXFrameworksBuildPhase;
			buildActionMask = 2147483647;
			files = (
			);
			runOnlyForDeploymentPostprocessing = 0;
		};
		63741BEC1FACC48F0040AA2A /* Frameworks */ = {
			isa = PBXFrameworksBuildPhase;
			buildActionMask = 2147483647;
			files = (
			);
			runOnlyForDeploymentPostprocessing = 0;
		};
		63741BF71FACC48F0040AA2A /* Frameworks */ = {
			isa = PBXFrameworksBuildPhase;
			buildActionMask = 2147483647;
			files = (
			);
			runOnlyForDeploymentPostprocessing = 0;
		};
/* End PBXFrameworksBuildPhase section */

/* Begin PBXGroup section */
		63741BD21FACC48F0040AA2A = {
			isa = PBXGroup;
			children = (
				63741BDD1FACC48F0040AA2A /* douyuzb */,
				63741BF21FACC48F0040AA2A /* douyuzbTests */,
				63741BFD1FACC48F0040AA2A /* douyuzbUITests */,
				63741BDC1FACC48F0040AA2A /* Products */,
			);
			sourceTree = "<group>";
		};
		63741BDC1FACC48F0040AA2A /* Products */ = {
			isa = PBXGroup;
			children = (
				63741BDB1FACC48F0040AA2A /* douyuzb.app */,
				63741BEF1FACC48F0040AA2A /* douyuzbTests.xctest */,
				63741BFA1FACC48F0040AA2A /* douyuzbUITests.xctest */,
			);
			name = Products;
			sourceTree = "<group>";
		};
		63741BDD1FACC48F0040AA2A /* douyuzb */ = {
			isa = PBXGroup;
			children = (
				63741BDE1FACC48F0040AA2A /* AppDelegate.swift */,
				63741BE01FACC48F0040AA2A /* ViewController.swift */,
				63741BE21FACC48F0040AA2A /* Main.storyboard */,
				63741BE51FACC48F0040AA2A /* Assets.xcassets */,
				63741BE71FACC48F0040AA2A /* LaunchScreen.storyboard */,
				63741BEA1FACC48F0040AA2A /* Info.plist */,
			);
			path = douyuzb;
			sourceTree = "<group>";
		};
		63741BF21FACC48F0040AA2A /* douyuzbTests */ = {
			isa = PBXGroup;
			children = (
				63741BF31FACC48F0040AA2A /* douyuzbTests.swift */,
				63741BF51FACC48F0040AA2A /* Info.plist */,
			);
			path = douyuzbTests;
			sourceTree = "<group>";
		};
		63741BFD1FACC48F0040AA2A /* douyuzbUITests */ = {
			isa = PBXGroup;
			children = (
				63741BFE1FACC48F0040AA2A /* douyuzbUITests.swift */,
				63741C001FACC48F0040AA2A /* Info.plist */,
			);
			path = douyuzbUITests;
			sourceTree = "<group>";
		};
/* End PBXGroup section */

/* Begin PBXNativeTarget section */
		63741BDA1FACC48F0040AA2A /* douyuzb */ = {
			isa = PBXNativeTarget;
			buildConfigurationList = 63741C031FACC48F0040AA2A /* Build configuration list for PBXNativeTarget "douyuzb" */;
			buildPhases = (
				63741BD71FACC48F0040AA2A /* Sources */,
				63741BD81FACC48F0040AA2A /* Frameworks */,
				63741BD91FACC48F0040AA2A /* Resources */,
			);
			buildRules = (
			);
			dependencies = (
			);
			name = douyuzb;
			productName = douyuzb;
			productReference = 63741BDB1FACC48F0040AA2A /* douyuzb.app */;
			productType = "com.apple.product-type.application";
		};
		63741BEE1FACC48F0040AA2A /* douyuzbTests */ = {
			isa = PBXNativeTarget;
			buildConfigurationList = 63741C061FACC48F0040AA2A /* Build configuration list for PBXNativeTarget "douyuzbTests" */;
			buildPhases = (
				63741BEB1FACC48F0040AA2A /* Sources */,
				63741BEC1FACC48F0040AA2A /* Frameworks */,
				63741BED1FACC48F0040AA2A /* Resources */,
			);
			buildRules = (
			);
			dependencies = (
				63741BF11FACC48F0040AA2A /* PBXTargetDependency */,
			);
			name = douyuzbTests;
			productName = douyuzbTests;
			productReference = 63741BEF1FACC48F0040AA2A /* douyuzbTests.xctest */;
			productType = "com.apple.product-type.bundle.unit-test";
		};
		63741BF91FACC48F0040AA2A /* douyuzbUITests */ = {
			isa = PBXNativeTarget;
			buildConfigurationList = 63741C091FACC48F0040AA2A /* Build configuration list for PBXNativeTarget "douyuzbUITests" */;
			buildPhases = (
				63741BF61FACC48F0040AA2A /* Sources */,
				63741BF71FACC48F0040AA2A /* Frameworks */,
				63741BF81FACC48F0040AA2A /* Resources */,
			);
			buildRules = (
			);
			dependencies = (
				63741BFC1FACC48F0040AA2A /* PBXTargetDependency */,
			);
			name = douyuzbUITests;
			productName = douyuzbUITests;
			productReference = 63741BFA1FACC48F0040AA2A /* douyuzbUITests.xctest */;
			productType = "com.apple.product-type.bundle.ui-testing";
		};
/* End PBXNativeTarget section */

/* Begin PBXProject section */
		63741BD31FACC48F0040AA2A /* Project object */ = {
			isa = PBXProject;
			attributes = {
				LastSwiftUpdateCheck = 0910;
				LastUpgradeCheck = 0910;
				ORGANIZATIONNAME = "易";
				TargetAttributes = {
					63741BDA1FACC48F0040AA2A = {
						CreatedOnToolsVersion = 9.1;
						ProvisioningStyle = Automatic;
					};
					63741BEE1FACC48F0040AA2A = {
						CreatedOnToolsVersion = 9.1;
						ProvisioningStyle = Automatic;
						TestTargetID = 63741BDA1FACC48F0040AA2A;
					};
					63741BF91FACC48F0040AA2A = {
						CreatedOnToolsVersion = 9.1;
						ProvisioningStyle = Automatic;
						TestTargetID = 63741BDA1FACC48F0040AA2A;
					};
				};
			};
			buildConfigurationList = 63741BD61FACC48F0040AA2A /* Build configuration list for PBXProject "douyuzb" */;
			compatibilityVersion = "Xcode 8.0";
			developmentRegion = en;
			hasScannedForEncodings = 0;
			knownRegions = (
				en,
				Base,
			);
			mainGroup = 63741BD21FACC48F0040AA2A;
			productRefGroup = 63741BDC1FACC48F0040AA2A /* Products */;
			projectDirPath = "";
			projectRoot = "";
			targets = (
				63741BDA1FACC48F0040AA2A /* douyuzb */,
				63741BEE1FACC48F0040AA2A /* douyuzbTests */,
				63741BF91FACC48F0040AA2A /* douyuzbUITests */,
			);
		};
/* End PBXProject section */

/* Begin PBXResourcesBuildPhase section */
		63741BD91FACC48F0040AA2A /* Resources */ = {
			isa = PBXResourcesBuildPhase;
			buildActionMask = 2147483647;
			files = (
				63741BE91FACC48F0040AA2A /* LaunchScreen.storyboard in Resources */,
				63741BE61FACC48F0040AA2A /* Assets.xcassets in Resources */,
				63741BE41FACC48F0040AA2A /* Main.storyboard in Resources */,
			);
			runOnlyForDeploymentPostprocessing = 0;
		};
		63741BED1FACC48F0040AA2A /* Resources */ = {
			isa = PBXResourcesBuildPhase;
			buildActionMask = 2147483647;
			files = (
			);
			runOnlyForDeploymentPostprocessing = 0;
		};
		63741BF81FACC48F0040AA2A /* Resources */ = {
			isa = PBXResourcesBuildPhase;
			buildActionMask = 2147483647;
			files = (
			);
			runOnlyForDeploymentPostprocessing = 0;
		};
/* End PBXResourcesBuildPhase section */

/* Begin PBXSourcesBuildPhase section */
		63741BD71FACC48F0040AA2A /* Sources */ = {
			isa = PBXSourcesBuildPhase;
			buildActionMask = 2147483647;
			files = (
				63741BE11FACC48F0040AA2A /* ViewController.swift in Sources */,
				63741BDF1FACC48F0040AA2A /* AppDelegate.swift in Sources */,
			);
			runOnlyForDeploymentPostprocessing = 0;
		};
		63741BEB1FACC48F0040AA2A /* Sources */ = {
			isa = PBXSourcesBuildPhase;
			buildActionMask = 2147483647;
			files = (
				63741BF41FACC48F0040AA2A /* douyuzbTests.swift in Sources */,
			);
			runOnlyForDeploymentPostprocessing = 0;
		};
		63741BF61FACC48F0040AA2A /* Sources */ = {
			isa = PBXSourcesBuildPhase;
			buildActionMask = 2147483647;
			files = (
				63741BFF1FACC48F0040AA2A /* douyuzbUITests.swift in Sources */,
			);
			runOnlyForDeploymentPostprocessing = 0;
		};
/* End PBXSourcesBuildPhase section */

/* Begin PBXTargetDependency section */
		63741BF11FACC48F0040AA2A /* PBXTargetDependency */ = {
			isa = PBXTargetDependency;
			target = 63741BDA1FACC48F0040AA2A /* douyuzb */;
			targetProxy = 63741BF01FACC48F0040AA2A /* PBXContainerItemProxy */;
		};
		63741BFC1FACC48F0040AA2A /* PBXTargetDependency */ = {
			isa = PBXTargetDependency;
			target = 63741BDA1FACC48F0040AA2A /* douyuzb */;
			targetProxy = 63741BFB1FACC48F0040AA2A /* PBXContainerItemProxy */;
		};
/* End PBXTargetDependency section */

/* Begin PBXVariantGroup section */
		63741BE21FACC48F0040AA2A /* Main.storyboard */ = {
			isa = PBXVariantGroup;
			children = (
				63741BE31FACC48F0040AA2A /* Base */,
			);
			name = Main.storyboard;
			sourceTree = "<group>";
		};
		63741BE71FACC48F0040AA2A /* LaunchScreen.storyboard */ = {
			isa = PBXVariantGroup;
			children = (
				63741BE81FACC48F0040AA2A /* Base */,
			);
			name = LaunchScreen.storyboard;
			sourceTree = "<group>";
		};
/* End PBXVariantGroup section */

/* Begin XCBuildConfiguration section */
		63741C011FACC48F0040AA2A /* Debug */ = {
			isa = XCBuildConfiguration;
			buildSettings = {
				ALWAYS_SEARCH_USER_PATHS = NO;
				CLANG_ANALYZER_NONNULL = YES;
				CLANG_ANALYZER_NUMBER_OBJECT_CONVERSION = YES_AGGRESSIVE;
				CLANG_CXX_LANGUAGE_STANDARD = "gnu++14";
				CLANG_CXX_LIBRARY = "libc++";
				CLANG_ENABLE_MODULES = YES;
				CLANG_ENABLE_OBJC_ARC = YES;
				CLANG_WARN_BLOCK_CAPTURE_AUTORELEASING = YES;
				CLANG_WARN_BOOL_CONVERSION = YES;
				CLANG_WARN_COMMA = YES;
				CLANG_WARN_CONSTANT_CONVERSION = YES;
				CLANG_WARN_DIRECT_OBJC_ISA_USAGE = YES_ERROR;
				CLANG_WARN_DOCUMENTATION_COMMENTS = YES;
				CLANG_WARN_EMPTY_BODY = YES;
				CLANG_WARN_ENUM_CONVERSION = YES;
				CLANG_WARN_INFINITE_RECURSION = YES;
				CLANG_WARN_INT_CONVERSION = YES;
				CLANG_WARN_NON_LITERAL_NULL_CONVERSION = YES;
				CLANG_WARN_OBJC_LITERAL_CONVERSION = YES;
				CLANG_WARN_OBJC_ROOT_CLASS = YES_ERROR;
				CLANG_WARN_RANGE_LOOP_ANALYSIS = YES;
				CLANG_WARN_STRICT_PROTOTYPES = YES;
				CLANG_WARN_SUSPICIOUS_MOVE = YES;
				CLANG_WARN_UNGUARDED_AVAILABILITY = YES_AGGRESSIVE;
				CLANG_WARN_UNREACHABLE_CODE = YES;
				CLANG_WARN__DUPLICATE_METHOD_MATCH = YES;
				CODE_SIGN_IDENTITY = "iPhone Developer";
				COPY_PHASE_STRIP = NO;
				DEBUG_INFORMATION_FORMAT = dwarf;
				ENABLE_STRICT_OBJC_MSGSEND = YES;
				ENABLE_TESTABILITY = YES;
				GCC_C_LANGUAGE_STANDARD = gnu11;
				GCC_DYNAMIC_NO_PIC = NO;
				GCC_NO_COMMON_BLOCKS = YES;
				GCC_OPTIMIZATION_LEVEL = 0;
				GCC_PREPROCESSOR_DEFINITIONS = (
					"DEBUG=1",
					"$(inherited)",
				);
				GCC_WARN_64_TO_32_BIT_CONVERSION = YES;
				GCC_WARN_ABOUT_RETURN_TYPE = YES_ERROR;
				GCC_WARN_UNDECLARED_SELECTOR = YES;
				GCC_WARN_UNINITIALIZED_AUTOS = YES_AGGRESSIVE;
				GCC_WARN_UNUSED_FUNCTION = YES;
				GCC_WARN_UNUSED_VARIABLE = YES;
				IPHONEOS_DEPLOYMENT_TARGET = 11.1;
				MTL_ENABLE_DEBUG_INFO = YES;
				ONLY_ACTIVE_ARCH = YES;
				SDKROOT = iphoneos;
				SWIFT_ACTIVE_COMPILATION_CONDITIONS = DEBUG;
				SWIFT_OPTIMIZATION_LEVEL = "-Onone";
			};
			name = Debug;
		};
		63741C021FACC48F0040AA2A /* Release */ = {
			isa = XCBuildConfiguration;
			buildSettings = {
				ALWAYS_SEARCH_USER_PATHS = NO;
				CLANG_ANALYZER_NONNULL = YES;
				CLANG_ANALYZER_NUMBER_OBJECT_CONVERSION = YES_AGGRESSIVE;
				CLANG_CXX_LANGUAGE_STANDARD = "gnu++14";
				CLANG_CXX_LIBRARY = "libc++";
				CLANG_ENABLE_MODULES = YES;
				CLANG_ENABLE_OBJC_ARC = YES;
				CLANG_WARN_BLOCK_CAPTURE_AUTORELEASING = YES;
				CLANG_WARN_BOOL_CONVERSION = YES;
				CLANG_WARN_COMMA = YES;
				CLANG_WARN_CONSTANT_CONVERSION = YES;
				CLANG_WARN_DIRECT_OBJC_ISA_USAGE = YES_ERROR;
				CLANG_WARN_DOCUMENTATION_COMMENTS = YES;
				CLANG_WARN_EMPTY_BODY = YES;
				CLANG_WARN_ENUM_CONVERSION = YES;
				CLANG_WARN_INFINITE_RECURSION = YES;
				CLANG_WARN_INT_CONVERSION = YES;
				CLANG_WARN_NON_LITERAL_NULL_CONVERSION = YES;
				CLANG_WARN_OBJC_LITERAL_CONVERSION = YES;
				CLANG_WARN_OBJC_ROOT_CLASS = YES_ERROR;
				CLANG_WARN_RANGE_LOOP_ANALYSIS = YES;
				CLANG_WARN_STRICT_PROTOTYPES = YES;
				CLANG_WARN_SUSPICIOUS_MOVE = YES;
				CLANG_WARN_UNGUARDED_AVAILABILITY = YES_AGGRESSIVE;
				CLANG_WARN_UNREACHABLE_CODE = YES;
				CLANG_WARN__DUPLICATE_METHOD_MATCH = YES;
				CODE_SIGN_IDENTITY = "iPhone Developer";
				COPY_PHASE_STRIP = NO;
				DEBUG_INFORMATION_FORMAT = "dwarf-with-dsym";
				ENABLE_NS_ASSERTIONS = NO;
				ENABLE_STRICT_OBJC_MSGSEND = YES;
				GCC_C_LANGUAGE_STANDARD = gnu11;
				GCC_NO_COMMON_BLOCKS = YES;
				GCC_WARN_64_TO_32_BIT_CONVERSION = YES;
				GCC_WARN_ABOUT_RETURN_TYPE = YES_ERROR;
				GCC_WARN_UNDECLARED_SELECTOR = YES;
				GCC_WARN_UNINITIALIZED_AUTOS = YES_AGGRESSIVE;
				GCC_WARN_UNUSED_FUNCTION = YES;
				GCC_WARN_UNUSED_VARIABLE = YES;
				IPHONEOS_DEPLOYMENT_TARGET = 11.1;
				MTL_ENABLE_DEBUG_INFO = NO;
				SDKROOT = iphoneos;
				SWIFT_OPTIMIZATION_LEVEL = "-Owholemodule";
				VALIDATE_PRODUCT = YES;
			};
			name = Release;
		};
		63741C041FACC48F0040AA2A /* Debug */ = {
			isa = XCBuildConfiguration;
			buildSettings = {
				ASSETCATALOG_COMPILER_APPICON_NAME = AppIcon;
				ASSETCATALOG_COMPILER_LAUNCHIMAGE_NAME = LaunchImage;
				CODE_SIGN_STYLE = Automatic;
				INFOPLIST_FILE = douyuzb/Info.plist;
				IPHONEOS_DEPLOYMENT_TARGET = 9.0;
				LD_RUNPATH_SEARCH_PATHS = "$(inherited) @executable_path/Frameworks";
				PRODUCT_BUNDLE_IDENTIFIER = com.sticwin.douyuzb;
				PRODUCT_NAME = "$(TARGET_NAME)";
				SWIFT_VERSION = 4.0;
				TARGETED_DEVICE_FAMILY = "1,2";
			};
			name = Debug;
		};
		63741C051FACC48F0040AA2A /* Release */ = {
			isa = XCBuildConfiguration;
			buildSettings = {
				ASSETCATALOG_COMPILER_APPICON_NAME = AppIcon;
				ASSETCATALOG_COMPILER_LAUNCHIMAGE_NAME = LaunchImage;
				CODE_SIGN_STYLE = Automatic;
				INFOPLIST_FILE = douyuzb/Info.plist;
				IPHONEOS_DEPLOYMENT_TARGET = 9.0;
				LD_RUNPATH_SEARCH_PATHS = "$(inherited) @executable_path/Frameworks";
				PRODUCT_BUNDLE_IDENTIFIER = com.sticwin.douyuzb;
				PRODUCT_NAME = "$(TARGET_NAME)";
				SWIFT_VERSION = 4.0;
				TARGETED_DEVICE_FAMILY = "1,2";
			};
			name = Release;
		};
		63741C071FACC48F0040AA2A /* Debug */ = {
			isa = XCBuildConfiguration;
			buildSettings = {
				ALWAYS_EMBED_SWIFT_STANDARD_LIBRARIES = YES;
				BUNDLE_LOADER = "$(TEST_HOST)";
				CODE_SIGN_STYLE = Automatic;
				INFOPLIST_FILE = douyuzbTests/Info.plist;
				LD_RUNPATH_SEARCH_PATHS = "$(inherited) @executable_path/Frameworks @loader_path/Frameworks";
				PRODUCT_BUNDLE_IDENTIFIER = com.sticwin.douyuzbTests;
				PRODUCT_NAME = "$(TARGET_NAME)";
				SWIFT_VERSION = 4.0;
				TARGETED_DEVICE_FAMILY = "1,2";
				TEST_HOST = "$(BUILT_PRODUCTS_DIR)/douyuzb.app/douyuzb";
			};
			name = Debug;
		};
		63741C081FACC48F0040AA2A /* Release */ = {
			isa = XCBuildConfiguration;
			buildSettings = {
				ALWAYS_EMBED_SWIFT_STANDARD_LIBRARIES = YES;
				BUNDLE_LOADER = "$(TEST_HOST)";
				CODE_SIGN_STYLE = Automatic;
				INFOPLIST_FILE = douyuzbTests/Info.plist;
				LD_RUNPATH_SEARCH_PATHS = "$(inherited) @executable_path/Frameworks @loader_path/Frameworks";
				PRODUCT_BUNDLE_IDENTIFIER = com.sticwin.douyuzbTests;
				PRODUCT_NAME = "$(TARGET_NAME)";
				SWIFT_VERSION = 4.0;
				TARGETED_DEVICE_FAMILY = "1,2";
				TEST_HOST = "$(BUILT_PRODUCTS_DIR)/douyuzb.app/douyuzb";
			};
			name = Release;
		};
		63741C0A1FACC48F0040AA2A /* Debug */ = {
			isa = XCBuildConfiguration;
			buildSettings = {
				ALWAYS_EMBED_SWIFT_STANDARD_LIBRARIES = YES;
				CODE_SIGN_STYLE = Automatic;
				INFOPLIST_FILE = douyuzbUITests/Info.plist;
				LD_RUNPATH_SEARCH_PATHS = "$(inherited) @executable_path/Frameworks @loader_path/Frameworks";
				PRODUCT_BUNDLE_IDENTIFIER = com.sticwin.douyuzbUITests;
				PRODUCT_NAME = "$(TARGET_NAME)";
				SWIFT_VERSION = 4.0;
				TARGETED_DEVICE_FAMILY = "1,2";
				TEST_TARGET_NAME = douyuzb;
			};
			name = Debug;
		};
		63741C0B1FACC48F0040AA2A /* Release */ = {
			isa = XCBuildConfiguration;
			buildSettings = {
				ALWAYS_EMBED_SWIFT_STANDARD_LIBRARIES = YES;
				CODE_SIGN_STYLE = Automatic;
				INFOPLIST_FILE = douyuzbUITests/Info.plist;
				LD_RUNPATH_SEARCH_PATHS = "$(inherited) @executable_path/Frameworks @loader_path/Frameworks";
				PRODUCT_BUNDLE_IDENTIFIER = com.sticwin.douyuzbUITests;
				PRODUCT_NAME = "$(TARGET_NAME)";
				SWIFT_VERSION = 4.0;
				TARGETED_DEVICE_FAMILY = "1,2";
				TEST_TARGET_NAME = douyuzb;
			};
			name = Release;
		};
/* End XCBuildConfiguration section */

/* Begin XCConfigurationList section */
		63741BD61FACC48F0040AA2A /* Build configuration list for PBXProject "douyuzb" */ = {
			isa = XCConfigurationList;
			buildConfigurations = (
				63741C011FACC48F0040AA2A /* Debug */,
				63741C021FACC48F0040AA2A /* Release */,
			);
			defaultConfigurationIsVisible = 0;
			defaultConfigurationName = Release;
		};
		63741C031FACC48F0040AA2A /* Build configuration list for PBXNativeTarget "douyuzb" */ = {
			isa = XCConfigurationList;
			buildConfigurations = (
				63741C041FACC48F0040AA2A /* Debug */,
				63741C051FACC48F0040AA2A /* Release */,
			);
			defaultConfigurationIsVisible = 0;
			defaultConfigurationName = Release;
		};
		63741C061FACC48F0040AA2A /* Build configuration list for PBXNativeTarget "douyuzbTests" */ = {
			isa = XCConfigurationList;
			buildConfigurations = (
				63741C071FACC48F0040AA2A /* Debug */,
				63741C081FACC48F0040AA2A /* Release */,
			);
			defaultConfigurationIsVisible = 0;
			defaultConfigurationName = Release;
		};
		63741C091FACC48F0040AA2A /* Build configuration list for PBXNativeTarget "douyuzbUITests" */ = {
			isa = XCConfigurationList;
			buildConfigurations = (
				63741C0A1FACC48F0040AA2A /* Debug */,
				63741C0B1FACC48F0040AA2A /* Release */,
			);
			defaultConfigurationIsVisible = 0;
			defaultConfigurationName = Release;
		};
/* End XCConfigurationList section */
	};
	rootObject = 63741BD31FACC48F0040AA2A /* Project object */;
}
